
Microsoft Visual Studio Solution File, Format Version 12.00
# Visual Studio Version 17
VisualStudioVersion = 17.7.34221.43
MinimumVisualStudioVersion = 10.0.40219.1
Project("{9A19103F-16F7-4668-BE54-9A1E7A4F7556}") = "Storage.Core", "Practise\Storage.Core.csproj", "{97A36998-E3FB-4290-A420-C59D8E7C234C}"
EndProject
Project("{9A19103F-16F7-4668-BE54-9A1E7A4F7556}") = "Storage.DataManager", "Storage.DataManager\Storage.DataManager.csproj", "{3D1252D5-6A9F-494E-8A3C-5C0A9B9DDD6C}"
EndProject
Project("{9A19103F-16F7-4668-BE54-9A1E7A4F7556}") = "Storage.UI", "Storage.UI\Storage.UI.csproj", "{141CC2A6-6839-47E0-A112-6F2BD84B61EF}"
	ProjectSection(ProjectDependencies) = postProject
		{3D1252D5-6A9F-494E-8A3C-5C0A9B9DDD6C} = {3D1252D5-6A9F-494E-8A3C-5C0A9B9DDD6C}
	EndProjectSection
EndProject
Global
	GlobalSection(SolutionConfigurationPlatforms) = preSolution
		Debug|Any CPU = Debug|Any CPU
		Release|Any CPU = Release|Any CPU
	EndGlobalSection
	GlobalSection(ProjectConfigurationPlatforms) = postSolution
		{97A36998-E3FB-4290-A420-C59D8E7C234C}.Debug|Any CPU.ActiveCfg = Debug|Any CPU
		{97A36998-E3FB-4290-A420-C59D8E7C234C}.Debug|Any CPU.Build.0 = Debug|Any CPU
		{97A36998-E3FB-4290-A420-C59D8E7C234C}.Release|Any CPU.ActiveCfg = Release|Any CPU
		{97A36998-E3FB-4290-A420-C59D8E7C234C}.Release|Any CPU.Build.0 = Release|Any CPU
		{3D1252D5-6A9F-494E-8A3C-5C0A9B9DDD6C}.Debug|Any CPU.ActiveCfg = Debug|Any CPU
		{3D1252D5-6A9F-494E-8A3C-5C0A9B9DDD6C}.Debug|Any CPU.Build.0 = Debug|Any CPU
		{3D1252D5-6A9F-494E-8A3C-5C0A9B9DDD6C}.Release|Any CPU.ActiveCfg = Release|Any CPU
		{3D1252D5-6A9F-494E-8A3C-5C0A9B9DDD6C}.Release|Any CPU.Build.0 = Release|Any CPU
		{141CC2A6-6839-47E0-A112-6F2BD84B61EF}.Debug|Any CPU.ActiveCfg = Debug|Any CPU
		{141CC2A6-6839-47E0-A112-6F2BD84B61EF}.Debug|Any CPU.Build.0 = Debug|Any CPU
		{141CC2A6-6839-47E0-A112-6F2BD84B61EF}.Release|Any CPU.ActiveCfg = Release|Any CPU
		{141CC2A6-6839-47E0-A112-6F2BD84B61EF}.Release|Any CPU.Build.0 = Release|Any CPU
	EndGlobalSection
	GlobalSection(SolutionProperties) = preSolution
		HideSolutionNode = FALSE
	EndGlobalSection
	GlobalSection(ExtensibilityGlobals) = postSolution
		SolutionGuid = {E4CCB8D1-D554-4F69-93B7-4438CE1179CF}
	EndGlobalSection
EndGlobal
